
Microsoft Visual Studio Solution File, Format Version 12.00
# Visual Studio Version 16
VisualStudioVersion = 16.0.30320.27
MinimumVisualStudioVersion = 10.0.40219.1
Project("{9A19103F-16F7-4668-BE54-9A1E7A4F7556}") = "Atomus.Page.Join.DefaultJoin(dotNetStandard)", "dotNetStandard\Atomus.Page.Join.DefaultJoin(dotNetStandard).csproj", "{39AE3551-ECAC-494D-B83D-4D926D43CB67}"
EndProject
Global
	GlobalSection(SolutionConfigurationPlatforms) = preSolution
		Debug|Any CPU = Debug|Any CPU
		Release|Any CPU = Release|Any CPU
	EndGlobalSection
	GlobalSection(ProjectConfigurationPlatforms) = postSolution
		{39AE3551-ECAC-494D-B83D-4D926D43CB67}.Debug|Any CPU.ActiveCfg = Debug|Any CPU
		{39AE3551-ECAC-494D-B83D-4D926D43CB67}.Debug|Any CPU.Build.0 = Debug|Any CPU
		{39AE3551-ECAC-494D-B83D-4D926D43CB67}.Release|Any CPU.ActiveCfg = Release|Any CPU
		{39AE3551-ECAC-494D-B83D-4D926D43CB67}.Release|Any CPU.Build.0 = Release|Any CPU
	EndGlobalSection
	GlobalSection(SolutionProperties) = preSolution
		HideSolutionNode = FALSE
	EndGlobalSection
	GlobalSection(ExtensibilityGlobals) = postSolution
		SolutionGuid = {E78AD278-4730-40AD-BDB9-872AFE3AA4B1}
	EndGlobalSection
EndGlobal
